// !$*UTF8*$!
{
	archiveVersion = 1;
	classes = {
	};
	objectVersion = 46;
	objects = {

/* Begin PBXBuildFile section */
		96FF9ACF1D08A363000B3967 /* main.m in Sources */ = {isa = PBXBuildFile; fileRef = 96FF9ACE1D08A363000B3967 /* main.m */; };
		96FF9AD21D08A363000B3967 /* AppDelegate.m in Sources */ = {isa = PBXBuildFile; fileRef = 96FF9AD11D08A363000B3967 /* AppDelegate.m */; };
		96FF9AD51D08A363000B3967 /* ViewController.m in Sources */ = {isa = PBXBuildFile; fileRef = 96FF9AD41D08A363000B3967 /* ViewController.m */; };
		96FF9AD81D08A363000B3967 /* Main.storyboard in Resources */ = {isa = PBXBuildFile; fileRef = 96FF9AD61D08A363000B3967 /* Main.storyboard */; };
		96FF9ADB1D08A363000B3967 /* LHL_W6ParseProject.xcdatamodeld in Sources */ = {isa = PBXBuildFile; fileRef = 96FF9AD91D08A363000B3967 /* LHL_W6ParseProject.xcdatamodeld */; };
		96FF9ADD1D08A363000B3967 /* Assets.xcassets in Resources */ = {isa = PBXBuildFile; fileRef = 96FF9ADC1D08A363000B3967 /* Assets.xcassets */; };
		96FF9AE01D08A363000B3967 /* LaunchScreen.storyboard in Resources */ = {isa = PBXBuildFile; fileRef = 96FF9ADE1D08A363000B3967 /* LaunchScreen.storyboard */; };
		96FF9AE91D08ACD1000B3967 /* User.m in Sources */ = {isa = PBXBuildFile; fileRef = 96FF9AE81D08ACD1000B3967 /* User.m */; };
		A5F8DBE385743B1C5279BA32 /* Pods_LHL_W6ParseProject.framework in Frameworks */ = {isa = PBXBuildFile; fileRef = 0DC5D296BBABBC6332C7B95C /* Pods_LHL_W6ParseProject.framework */; };
/* End PBXBuildFile section */

/* Begin PBXFileReference section */
		0DC5D296BBABBC6332C7B95C /* Pods_LHL_W6ParseProject.framework */ = {isa = PBXFileReference; explicitFileType = wrapper.framework; includeInIndex = 0; path = Pods_LHL_W6ParseProject.framework; sourceTree = BUILT_PRODUCTS_DIR; };
		3A632D274A8BCF58539139A6 /* Pods-LHL-W6ParseProject.release.xcconfig */ = {isa = PBXFileReference; includeInIndex = 1; lastKnownFileType = text.xcconfig; name = "Pods-LHL-W6ParseProject.release.xcconfig"; path = "Pods/Target Support Files/Pods-LHL-W6ParseProject/Pods-LHL-W6ParseProject.release.xcconfig"; sourceTree = "<group>"; };
		823B66CB43FB60751639645D /* Pods-LHL-W6ParseProject.debug.xcconfig */ = {isa = PBXFileReference; includeInIndex = 1; lastKnownFileType = text.xcconfig; name = "Pods-LHL-W6ParseProject.debug.xcconfig"; path = "Pods/Target Support Files/Pods-LHL-W6ParseProject/Pods-LHL-W6ParseProject.debug.xcconfig"; sourceTree = "<group>"; };
		96FF9ACA1D08A363000B3967 /* LHL-W6ParseProject.app */ = {isa = PBXFileReference; explicitFileType = wrapper.application; includeInIndex = 0; path = "LHL-W6ParseProject.app"; sourceTree = BUILT_PRODUCTS_DIR; };
		96FF9ACE1D08A363000B3967 /* main.m */ = {isa = PBXFileReference; lastKnownFileType = sourcecode.c.objc; path = main.m; sourceTree = "<group>"; };
		96FF9AD01D08A363000B3967 /* AppDelegate.h */ = {isa = PBXFileReference; lastKnownFileType = sourcecode.c.h; path = AppDelegate.h; sourceTree = "<group>"; };
		96FF9AD11D08A363000B3967 /* AppDelegate.m */ = {isa = PBXFileReference; lastKnownFileType = sourcecode.c.objc; path = AppDelegate.m; sourceTree = "<group>"; };
		96FF9AD31D08A363000B3967 /* ViewController.h */ = {isa = PBXFileReference; lastKnownFileType = sourcecode.c.h; path = ViewController.h; sourceTree = "<group>"; };
		96FF9AD41D08A363000B3967 /* ViewController.m */ = {isa = PBXFileReference; lastKnownFileType = sourcecode.c.objc; path = ViewController.m; sourceTree = "<group>"; };
		96FF9AD71D08A363000B3967 /* Base */ = {isa = PBXFileReference; lastKnownFileType = file.storyboard; name = Base; path = Base.lproj/Main.storyboard; sourceTree = "<group>"; };
		96FF9ADA1D08A363000B3967 /* LHL_W6ParseProject.xcdatamodel */ = {isa = PBXFileReference; lastKnownFileType = wrapper.xcdatamodel; path = LHL_W6ParseProject.xcdatamodel; sourceTree = "<group>"; };
		96FF9ADC1D08A363000B3967 /* Assets.xcassets */ = {isa = PBXFileReference; lastKnownFileType = folder.assetcatalog; path = Assets.xcassets; sourceTree = "<group>"; };
		96FF9ADF1D08A363000B3967 /* Base */ = {isa = PBXFileReference; lastKnownFileType = file.storyboard; name = Base; path = Base.lproj/LaunchScreen.storyboard; sourceTree = "<group>"; };
		96FF9AE11D08A363000B3967 /* Info.plist */ = {isa = PBXFileReference; lastKnownFileType = text.plist.xml; path = Info.plist; sourceTree = "<group>"; };
		96FF9AE71D08ACD1000B3967 /* User.h */ = {isa = PBXFileReference; fileEncoding = 4; lastKnownFileType = sourcecode.c.h; path = User.h; sourceTree = "<group>"; };
		96FF9AE81D08ACD1000B3967 /* User.m */ = {isa = PBXFileReference; fileEncoding = 4; lastKnownFileType = sourcecode.c.objc; path = User.m; sourceTree = "<group>"; };
/* End PBXFileReference section */

/* Begin PBXFrameworksBuildPhase section */
		96FF9AC71D08A363000B3967 /* Frameworks */ = {
			isa = PBXFrameworksBuildPhase;
			buildActionMask = 2147483647;
			files = (
				A5F8DBE385743B1C5279BA32 /* Pods_LHL_W6ParseProject.framework in Frameworks */,
			);
			runOnlyForDeploymentPostprocessing = 0;
		};
/* End PBXFrameworksBuildPhase section */

/* Begin PBXGroup section */
		96FF9AC11D08A363000B3967 = {
			isa = PBXGroup;
			children = (
				96FF9ACC1D08A363000B3967 /* LHL-W6ParseProject */,
				96FF9ACB1D08A363000B3967 /* Products */,
				DCD7DCE17AC48A0C41EC2A76 /* Pods */,
				A58692626D141BF9EC3EC047 /* Frameworks */,
			);
			sourceTree = "<group>";
		};
		96FF9ACB1D08A363000B3967 /* Products */ = {
			isa = PBXGroup;
			children = (
				96FF9ACA1D08A363000B3967 /* LHL-W6ParseProject.app */,
			);
			name = Products;
			sourceTree = "<group>";
		};
		96FF9ACC1D08A363000B3967 /* LHL-W6ParseProject */ = {
			isa = PBXGroup;
			children = (
				96FF9AD01D08A363000B3967 /* AppDelegate.h */,
				96FF9AD11D08A363000B3967 /* AppDelegate.m */,
				96FF9AD31D08A363000B3967 /* ViewController.h */,
				96FF9AD41D08A363000B3967 /* ViewController.m */,
				96FF9AE71D08ACD1000B3967 /* User.h */,
				96FF9AE81D08ACD1000B3967 /* User.m */,
				96FF9AD61D08A363000B3967 /* Main.storyboard */,
				96FF9ADC1D08A363000B3967 /* Assets.xcassets */,
				96FF9ADE1D08A363000B3967 /* LaunchScreen.storyboard */,
				96FF9AE11D08A363000B3967 /* Info.plist */,
				96FF9AD91D08A363000B3967 /* LHL_W6ParseProject.xcdatamodeld */,
				96FF9ACD1D08A363000B3967 /* Supporting Files */,
			);
			path = "LHL-W6ParseProject";
			sourceTree = "<group>";
		};
		96FF9ACD1D08A363000B3967 /* Supporting Files */ = {
			isa = PBXGroup;
			children = (
				96FF9ACE1D08A363000B3967 /* main.m */,
			);
			name = "Supporting Files";
			sourceTree = "<group>";
		};
		A58692626D141BF9EC3EC047 /* Frameworks */ = {
			isa = PBXGroup;
			children = (
				0DC5D296BBABBC6332C7B95C /* Pods_LHL_W6ParseProject.framework */,
			);
			name = Frameworks;
			sourceTree = "<group>";
		};
		DCD7DCE17AC48A0C41EC2A76 /* Pods */ = {
			isa = PBXGroup;
			children = (
				823B66CB43FB60751639645D /* Pods-LHL-W6ParseProject.debug.xcconfig */,
				3A632D274A8BCF58539139A6 /* Pods-LHL-W6ParseProject.release.xcconfig */,
			);
			name = Pods;
			sourceTree = "<group>";
		};
/* End PBXGroup section */

/* Begin PBXNativeTarget section */
		96FF9AC91D08A363000B3967 /* LHL-W6ParseProject */ = {
			isa = PBXNativeTarget;
			buildConfigurationList = 96FF9AE41D08A363000B3967 /* Build configuration list for PBXNativeTarget "LHL-W6ParseProject" */;
			buildPhases = (
				C38A7392000D34D13E78E5D5 /* [CP] Check Pods Manifest.lock */,
				96FF9AC61D08A363000B3967 /* Sources */,
				96FF9AC71D08A363000B3967 /* Frameworks */,
				96FF9AC81D08A363000B3967 /* Resources */,
				3717490BC0537C980FD6ECF9 /* [CP] Embed Pods Frameworks */,
				FEF5EC4E4A2464EA5261DAE6 /* [CP] Copy Pods Resources */,
			);
			buildRules = (
			);
			dependencies = (
			);
			name = "LHL-W6ParseProject";
			productName = "LHL-W6ParseProject";
			productReference = 96FF9ACA1D08A363000B3967 /* LHL-W6ParseProject.app */;
			productType = "com.apple.product-type.application";
		};
/* End PBXNativeTarget section */

/* Begin PBXProject section */
		96FF9AC21D08A363000B3967 /* Project object */ = {
			isa = PBXProject;
			attributes = {
				LastUpgradeCheck = 0730;
				ORGANIZATIONNAME = "Asuka Nakagawa";
				TargetAttributes = {
					96FF9AC91D08A363000B3967 = {
						CreatedOnToolsVersion = 7.3;
						DevelopmentTeam = 6A3B9S8TK9;
					};
				};
			};
			buildConfigurationList = 96FF9AC51D08A363000B3967 /* Build configuration list for PBXProject "LHL-W6ParseProject" */;
			compatibilityVersion = "Xcode 3.2";
			developmentRegion = English;
			hasScannedForEncodings = 0;
			knownRegions = (
				en,
				Base,
			);
			mainGroup = 96FF9AC11D08A363000B3967;
			productRefGroup = 96FF9ACB1D08A363000B3967 /* Products */;
			projectDirPath = "";
			projectRoot = "";
			targets = (
				96FF9AC91D08A363000B3967 /* LHL-W6ParseProject */,
			);
		};
/* End PBXProject section */

/* Begin PBXResourcesBuildPhase section */
		96FF9AC81D08A363000B3967 /* Resources */ = {
			isa = PBXResourcesBuildPhase;
			buildActionMask = 2147483647;
			files = (
				96FF9AE01D08A363000B3967 /* LaunchScreen.storyboard in Resources */,
				96FF9ADD1D08A363000B3967 /* Assets.xcassets in Resources */,
				96FF9AD81D08A363000B3967 /* Main.storyboard in Resources */,
			);
			runOnlyForDeploymentPostprocessing = 0;
		};
/* End PBXResourcesBuildPhase section */

/* Begin PBXShellScriptBuildPhase section */
		3717490BC0537C980FD6ECF9 /* [CP] Embed Pods Frameworks */ = {
			isa = PBXShellScriptBuildPhase;
			buildActionMask = 2147483647;
			files = (
			);
			inputPaths = (
			);
			name = "[CP] Embed Pods Frameworks";
			outputPaths = (
			);
			runOnlyForDeploymentPostprocessing = 0;
			shellPath = /bin/sh;
			shellScript = "\"${SRCROOT}/Pods/Target Support Files/Pods-LHL-W6ParseProject/Pods-LHL-W6ParseProject-frameworks.sh\"\n";
			showEnvVarsInLog = 0;
		};
		C38A7392000D34D13E78E5D5 /* [CP] Check Pods Manifest.lock */ = {
			isa = PBXShellScriptBuildPhase;
			buildActionMask = 2147483647;
			files = (
			);
			inputPaths = (
			);
			name = "[CP] Check Pods Manifest.lock";
			outputPaths = (
			);
			runOnlyForDeploymentPostprocessing = 0;
			shellPath = /bin/sh;
			shellScript = "diff \"${PODS_ROOT}/../Podfile.lock\" \"${PODS_ROOT}/Manifest.lock\" > /dev/null\nif [[ $? != 0 ]] ; then\n    cat << EOM\nerror: The sandbox is not in sync with the Podfile.lock. Run 'pod install' or update your CocoaPods installation.\nEOM\n    exit 1\nfi\n";
			showEnvVarsInLog = 0;
		};
		FEF5EC4E4A2464EA5261DAE6 /* [CP] Copy Pods Resources */ = {
			isa = PBXShellScriptBuildPhase;
			buildActionMask = 2147483647;
			files = (
			);
			inputPaths = (
			);
			name = "[CP] Copy Pods Resources";
			outputPaths = (
			);
			runOnlyForDeploymentPostprocessing = 0;
			shellPath = /bin/sh;
			shellScript = "\"${SRCROOT}/Pods/Target Support Files/Pods-LHL-W6ParseProject/Pods-LHL-W6ParseProject-resources.sh\"\n";
			showEnvVarsInLog = 0;
		};
/* End PBXShellScriptBuildPhase section */

/* Begin PBXSourcesBuildPhase section */
		96FF9AC61D08A363000B3967 /* Sources */ = {
			isa = PBXSourcesBuildPhase;
			buildActionMask = 2147483647;
			files = (
				96FF9AE91D08ACD1000B3967 /* User.m in Sources */,
				96FF9AD51D08A363000B3967 /* ViewController.m in Sources */,
				96FF9ADB1D08A363000B3967 /* LHL_W6ParseProject.xcdatamodeld in Sources */,
				96FF9AD21D08A363000B3967 /* AppDelegate.m in Sources */,
				96FF9ACF1D08A363000B3967 /* main.m in Sources */,
			);
			runOnlyForDeploymentPostprocessing = 0;
		};
/* End PBXSourcesBuildPhase section */

/* Begin PBXVariantGroup section */
		96FF9AD61D08A363000B3967 /* Main.storyboard */ = {
			isa = PBXVariantGroup;
			children = (
				96FF9AD71D08A363000B3967 /* Base */,
			);
			name = Main.storyboard;
			sourceTree = "<group>";
		};
		96FF9ADE1D08A363000B3967 /* LaunchScreen.storyboard */ = {
			isa = PBXVariantGroup;
			children = (
				96FF9ADF1D08A363000B3967 /* Base */,
			);
			name = LaunchScreen.storyboard;
			sourceTree = "<group>";
		};
/* End PBXVariantGroup section */

/* Begin XCBuildConfiguration section */
		96FF9AE21D08A363000B3967 /* Debug */ = {
			isa = XCBuildConfiguration;
			buildSettings = {
				ALWAYS_SEARCH_USER_PATHS = NO;
				CLANG_ANALYZER_NONNULL = YES;
				CLANG_CXX_LANGUAGE_STANDARD = "gnu++0x";
				CLANG_CXX_LIBRARY = "libc++";
				CLANG_ENABLE_MODULES = YES;
				CLANG_ENABLE_OBJC_ARC = YES;
				CLANG_WARN_BOOL_CONVERSION = YES;
				CLANG_WARN_CONSTANT_CONVERSION = YES;
				CLANG_WARN_DIRECT_OBJC_ISA_USAGE = YES_ERROR;
				CLANG_WARN_EMPTY_BODY = YES;
				CLANG_WARN_ENUM_CONVERSION = YES;
				CLANG_WARN_INT_CONVERSION = YES;
				CLANG_WARN_OBJC_ROOT_CLASS = YES_ERROR;
				CLANG_WARN_UNREACHABLE_CODE = YES;
				CLANG_WARN__DUPLICATE_METHOD_MATCH = YES;
				"CODE_SIGN_IDENTITY[sdk=iphoneos*]" = "iPhone Developer";
				COPY_PHASE_STRIP = NO;
				DEBUG_INFORMATION_FORMAT = dwarf;
				ENABLE_STRICT_OBJC_MSGSEND = YES;
				ENABLE_TESTABILITY = YES;
				GCC_C_LANGUAGE_STANDARD = gnu99;
				GCC_DYNAMIC_NO_PIC = NO;
				GCC_NO_COMMON_BLOCKS = YES;
				GCC_OPTIMIZATION_LEVEL = 0;
				GCC_PREPROCESSOR_DEFINITIONS = (
					"DEBUG=1",
					"$(inherited)",
				);
				GCC_WARN_64_TO_32_BIT_CONVERSION = YES;
				GCC_WARN_ABOUT_RETURN_TYPE = YES_ERROR;
				GCC_WARN_UNDECLARED_SELECTOR = YES;
				GCC_WARN_UNINITIALIZED_AUTOS = YES_AGGRESSIVE;
				GCC_WARN_UNUSED_FUNCTION = YES;
				GCC_WARN_UNUSED_VARIABLE = YES;
				IPHONEOS_DEPLOYMENT_TARGET = 9.3;
				MTL_ENABLE_DEBUG_INFO = YES;
				ONLY_ACTIVE_ARCH = YES;
				SDKROOT = iphoneos;
			};
			name = Debug;
		};
		96FF9AE31D08A363000B3967 /* Release */ = {
			isa = XCBuildConfiguration;
			buildSettings = {
				ALWAYS_SEARCH_USER_PATHS = NO;
				CLANG_ANALYZER_NONNULL = YES;
				CLANG_CXX_LANGUAGE_STANDARD = "gnu++0x";
				CLANG_CXX_LIBRARY = "libc++";
				CLANG_ENABLE_MODULES = YES;
				CLANG_ENABLE_OBJC_ARC = YES;
				CLANG_WARN_BOOL_CONVERSION = YES;
				CLANG_WARN_CONSTANT_CONVERSION = YES;
				CLANG_WARN_DIRECT_OBJC_ISA_USAGE = YES_ERROR;
				CLANG_WARN_EMPTY_BODY = YES;
				CLANG_WARN_ENUM_CONVERSION = YES;
				CLANG_WARN_INT_CONVERSION = YES;
				CLANG_WARN_OBJC_ROOT_CLASS = YES_ERROR;
				CLANG_WARN_UNREACHABLE_CODE = YES;
				CLANG_WARN__DUPLICATE_METHOD_MATCH = YES;
				"CODE_SIGN_IDENTITY[sdk=iphoneos*]" = "iPhone Developer";
				COPY_PHASE_STRIP = NO;
				DEBUG_INFORMATION_FORMAT = "dwarf-with-dsym";
				ENABLE_NS_ASSERTIONS = NO;
				ENABLE_STRICT_OBJC_MSGSEND = YES;
				GCC_C_LANGUAGE_STANDARD = gnu99;
				GCC_NO_COMMON_BLOCKS = YES;
				GCC_WARN_64_TO_32_BIT_CONVERSION = YES;
				GCC_WARN_ABOUT_RETURN_TYPE = YES_ERROR;
				GCC_WARN_UNDECLARED_SELECTOR = YES;
				GCC_WARN_UNINITIALIZED_AUTOS = YES_AGGRESSIVE;
				GCC_WARN_UNUSED_FUNCTION = YES;
				GCC_WARN_UNUSED_VARIABLE = YES;
				IPHONEOS_DEPLOYMENT_TARGET = 9.3;
				MTL_ENABLE_DEBUG_INFO = NO;
				SDKROOT = iphoneos;
				VALIDATE_PRODUCT = YES;
			};
			name = Release;
		};
		96FF9AE51D08A363000B3967 /* Debug */ = {
			isa = XCBuildConfiguration;
			baseConfigurationReference = 823B66CB43FB60751639645D /* Pods-LHL-W6ParseProject.debug.xcconfig */;
			buildSettings = {
				ASSETCATALOG_COMPILER_APPICON_NAME = AppIcon;
				INFOPLIST_FILE = "LHL-W6ParseProject/Info.plist";
				LD_RUNPATH_SEARCH_PATHS = "$(inherited) @executable_path/Frameworks";
				PRODUCT_BUNDLE_IDENTIFIER = "A.LHL-W6ParseProject";
				PRODUCT_NAME = "$(TARGET_NAME)";
			};
			name = Debug;
		};
		96FF9AE61D08A363000B3967 /* Release */ = {
			isa = XCBuildConfiguration;
			baseConfigurationReference = 3A632D274A8BCF58539139A6 /* Pods-LHL-W6ParseProject.release.xcconfig */;
			buildSettings = {
				ASSETCATALOG_COMPILER_APPICON_NAME = AppIcon;
				INFOPLIST_FILE = "LHL-W6ParseProject/Info.plist";
				LD_RUNPATH_SEARCH_PATHS = "$(inherited) @executable_path/Frameworks";
				PRODUCT_BUNDLE_IDENTIFIER = "A.LHL-W6ParseProject";
				PRODUCT_NAME = "$(TARGET_NAME)";
			};
			name = Release;
		};
/* End XCBuildConfiguration section */

/* Begin XCConfigurationList section */
		96FF9AC51D08A363000B3967 /* Build configuration list for PBXProject "LHL-W6ParseProject" */ = {
			isa = XCConfigurationList;
			buildConfigurations = (
				96FF9AE21D08A363000B3967 /* Debug */,
				96FF9AE31D08A363000B3967 /* Release */,
			);
			defaultConfigurationIsVisible = 0;
			defaultConfigurationName = Release;
		};
		96FF9AE41D08A363000B3967 /* Build configuration list for PBXNativeTarget "LHL-W6ParseProject" */ = {
			isa = XCConfigurationList;
			buildConfigurations = (
				96FF9AE51D08A363000B3967 /* Debug */,
				96FF9AE61D08A363000B3967 /* Release */,
			);
			defaultConfigurationIsVisible = 0;
			defaultConfigurationName = Release;
		};
/* End XCConfigurationList section */

/* Begin XCVersionGroup section */
		96FF9AD91D08A363000B3967 /* LHL_W6ParseProject.xcdatamodeld */ = {
			isa = XCVersionGroup;
			children = (
				96FF9ADA1D08A363000B3967 /* LHL_W6ParseProject.xcdatamodel */,
			);
			currentVersion = 96FF9ADA1D08A363000B3967 /* LHL_W6ParseProject.xcdatamodel */;
			path = LHL_W6ParseProject.xcdatamodeld;
			sourceTree = "<group>";
			versionGroupType = wrapper.xcdatamodel;
		};
/* End XCVersionGroup section */
	};
	rootObject = 96FF9AC21D08A363000B3967 /* Project object */;
}
